
Microsoft Visual Studio Solution File, Format Version 12.00
# Visual Studio 15
VisualStudioVersion = 15.0.26124.0
MinimumVisualStudioVersion = 15.0.26124.0
Project("{2150E333-8FDC-42A3-9474-1A3956D46DE8}") = "src", "src", "{72D681D0-5379-4AD1-90BC-77B7C92329A0}"
EndProject
Project("{FAE04EC0-301F-11D3-BF4B-00C04F79EFBC}") = "lottery.Api", "src\Lottery.Api\lottery.Api.csproj", "{32F3AA05-E389-4230-923B-364E3A947A8D}"
EndProject
Project("{2150E333-8FDC-42A3-9474-1A3956D46DE8}") = "Lottery.Infra.CrossCutting", "Lottery.Infra.CrossCutting", "{65776705-21AB-4841-838D-65E4E0E2B648}"
EndProject
Project("{FAE04EC0-301F-11D3-BF4B-00C04F79EFBC}") = "Lottery.Infra.CrossCutting.Storage.Abstractions", "src\Lottery.Infra.CrossCutting\Lottery.Infra.CrossCutting.Storage.Abstractions\Lottery.Infra.CrossCutting.Storage.Abstractions.csproj", "{67ED3CD7-A813-4DB3-9F57-9559F7DD17B3}"
EndProject
Project("{FAE04EC0-301F-11D3-BF4B-00C04F79EFBC}") = "Lottery.Infra.CrossCutting.Storage.Implementation", "src\Lottery.Infra.CrossCutting\Lottery.Infra.CrossCutting.Storage.Implementation\Lottery.Infra.CrossCutting.Storage.Implementation.csproj", "{A95668A1-2887-4D95-811A-821E57A6B677}"
EndProject
Project("{FAE04EC0-301F-11D3-BF4B-00C04F79EFBC}") = "Lottery.Infra.CrossCutting.Storage.Providers", "src\Lottery.Infra.CrossCutting\Lottery.Infra.CrossCutting.Storage.Providers\Lottery.Infra.CrossCutting.Storage.Providers.csproj", "{CCD02806-B4DC-4882-8DC8-EDD3E519DA90}"
EndProject
Global
	GlobalSection(SolutionConfigurationPlatforms) = preSolution
		Debug|Any CPU = Debug|Any CPU
		Debug|x64 = Debug|x64
		Debug|x86 = Debug|x86
		Release|Any CPU = Release|Any CPU
		Release|x64 = Release|x64
		Release|x86 = Release|x86
	EndGlobalSection
	GlobalSection(SolutionProperties) = preSolution
		HideSolutionNode = FALSE
	EndGlobalSection
	GlobalSection(ProjectConfigurationPlatforms) = postSolution
		{32F3AA05-E389-4230-923B-364E3A947A8D}.Debug|Any CPU.ActiveCfg = Debug|Any CPU
		{32F3AA05-E389-4230-923B-364E3A947A8D}.Debug|Any CPU.Build.0 = Debug|Any CPU
		{32F3AA05-E389-4230-923B-364E3A947A8D}.Debug|x64.ActiveCfg = Debug|Any CPU
		{32F3AA05-E389-4230-923B-364E3A947A8D}.Debug|x64.Build.0 = Debug|Any CPU
		{32F3AA05-E389-4230-923B-364E3A947A8D}.Debug|x86.ActiveCfg = Debug|Any CPU
		{32F3AA05-E389-4230-923B-364E3A947A8D}.Debug|x86.Build.0 = Debug|Any CPU
		{32F3AA05-E389-4230-923B-364E3A947A8D}.Release|Any CPU.ActiveCfg = Release|Any CPU
		{32F3AA05-E389-4230-923B-364E3A947A8D}.Release|Any CPU.Build.0 = Release|Any CPU
		{32F3AA05-E389-4230-923B-364E3A947A8D}.Release|x64.ActiveCfg = Release|Any CPU
		{32F3AA05-E389-4230-923B-364E3A947A8D}.Release|x64.Build.0 = Release|Any CPU
		{32F3AA05-E389-4230-923B-364E3A947A8D}.Release|x86.ActiveCfg = Release|Any CPU
		{32F3AA05-E389-4230-923B-364E3A947A8D}.Release|x86.Build.0 = Release|Any CPU
		{67ED3CD7-A813-4DB3-9F57-9559F7DD17B3}.Debug|Any CPU.ActiveCfg = Debug|Any CPU
		{67ED3CD7-A813-4DB3-9F57-9559F7DD17B3}.Debug|Any CPU.Build.0 = Debug|Any CPU
		{67ED3CD7-A813-4DB3-9F57-9559F7DD17B3}.Debug|x64.ActiveCfg = Debug|Any CPU
		{67ED3CD7-A813-4DB3-9F57-9559F7DD17B3}.Debug|x64.Build.0 = Debug|Any CPU
		{67ED3CD7-A813-4DB3-9F57-9559F7DD17B3}.Debug|x86.ActiveCfg = Debug|Any CPU
		{67ED3CD7-A813-4DB3-9F57-9559F7DD17B3}.Debug|x86.Build.0 = Debug|Any CPU
		{67ED3CD7-A813-4DB3-9F57-9559F7DD17B3}.Release|Any CPU.ActiveCfg = Release|Any CPU
		{67ED3CD7-A813-4DB3-9F57-9559F7DD17B3}.Release|Any CPU.Build.0 = Release|Any CPU
		{67ED3CD7-A813-4DB3-9F57-9559F7DD17B3}.Release|x64.ActiveCfg = Release|Any CPU
		{67ED3CD7-A813-4DB3-9F57-9559F7DD17B3}.Release|x64.Build.0 = Release|Any CPU
		{67ED3CD7-A813-4DB3-9F57-9559F7DD17B3}.Release|x86.ActiveCfg = Release|Any CPU
		{67ED3CD7-A813-4DB3-9F57-9559F7DD17B3}.Release|x86.Build.0 = Release|Any CPU
		{A95668A1-2887-4D95-811A-821E57A6B677}.Debug|Any CPU.ActiveCfg = Debug|Any CPU
		{A95668A1-2887-4D95-811A-821E57A6B677}.Debug|Any CPU.Build.0 = Debug|Any CPU
		{A95668A1-2887-4D95-811A-821E57A6B677}.Debug|x64.ActiveCfg = Debug|Any CPU
		{A95668A1-2887-4D95-811A-821E57A6B677}.Debug|x64.Build.0 = Debug|Any CPU
		{A95668A1-2887-4D95-811A-821E57A6B677}.Debug|x86.ActiveCfg = Debug|Any CPU
		{A95668A1-2887-4D95-811A-821E57A6B677}.Debug|x86.Build.0 = Debug|Any CPU
		{A95668A1-2887-4D95-811A-821E57A6B677}.Release|Any CPU.ActiveCfg = Release|Any CPU
		{A95668A1-2887-4D95-811A-821E57A6B677}.Release|Any CPU.Build.0 = Release|Any CPU
		{A95668A1-2887-4D95-811A-821E57A6B677}.Release|x64.ActiveCfg = Release|Any CPU
		{A95668A1-2887-4D95-811A-821E57A6B677}.Release|x64.Build.0 = Release|Any CPU
		{A95668A1-2887-4D95-811A-821E57A6B677}.Release|x86.ActiveCfg = Release|Any CPU
		{A95668A1-2887-4D95-811A-821E57A6B677}.Release|x86.Build.0 = Release|Any CPU
		{CCD02806-B4DC-4882-8DC8-EDD3E519DA90}.Debug|Any CPU.ActiveCfg = Debug|Any CPU
		{CCD02806-B4DC-4882-8DC8-EDD3E519DA90}.Debug|Any CPU.Build.0 = Debug|Any CPU
		{CCD02806-B4DC-4882-8DC8-EDD3E519DA90}.Debug|x64.ActiveCfg = Debug|Any CPU
		{CCD02806-B4DC-4882-8DC8-EDD3E519DA90}.Debug|x64.Build.0 = Debug|Any CPU
		{CCD02806-B4DC-4882-8DC8-EDD3E519DA90}.Debug|x86.ActiveCfg = Debug|Any CPU
		{CCD02806-B4DC-4882-8DC8-EDD3E519DA90}.Debug|x86.Build.0 = Debug|Any CPU
		{CCD02806-B4DC-4882-8DC8-EDD3E519DA90}.Release|Any CPU.ActiveCfg = Release|Any CPU
		{CCD02806-B4DC-4882-8DC8-EDD3E519DA90}.Release|Any CPU.Build.0 = Release|Any CPU
		{CCD02806-B4DC-4882-8DC8-EDD3E519DA90}.Release|x64.ActiveCfg = Release|Any CPU
		{CCD02806-B4DC-4882-8DC8-EDD3E519DA90}.Release|x64.Build.0 = Release|Any CPU
		{CCD02806-B4DC-4882-8DC8-EDD3E519DA90}.Release|x86.ActiveCfg = Release|Any CPU
		{CCD02806-B4DC-4882-8DC8-EDD3E519DA90}.Release|x86.Build.0 = Release|Any CPU
	EndGlobalSection
	GlobalSection(NestedProjects) = preSolution
		{32F3AA05-E389-4230-923B-364E3A947A8D} = {72D681D0-5379-4AD1-90BC-77B7C92329A0}
		{65776705-21AB-4841-838D-65E4E0E2B648} = {72D681D0-5379-4AD1-90BC-77B7C92329A0}
		{67ED3CD7-A813-4DB3-9F57-9559F7DD17B3} = {65776705-21AB-4841-838D-65E4E0E2B648}
		{A95668A1-2887-4D95-811A-821E57A6B677} = {65776705-21AB-4841-838D-65E4E0E2B648}
		{CCD02806-B4DC-4882-8DC8-EDD3E519DA90} = {65776705-21AB-4841-838D-65E4E0E2B648}
	EndGlobalSection
EndGlobal
